Microsoft Visual Studio Solution File, Format Version 12.00
# Visual Studio Version 16
VisualStudioVersion = 16.0.28917.181
MinimumVisualStudioVersion = 10.0.40219.1
Project("{FAE04EC0-301F-11D3-BF4B-00C04F79EFBC}") = "botonera.Android", "botonera.Android\botonera.Android.csproj", "{EEAAB3D4-9493-4DD3-93C2-61926FC916D0}"
EndProject
Project("{FAE04EC0-301F-11D3-BF4B-00C04F79EFBC}") = "botonera.iOS", "botonera.iOS\botonera.iOS.csproj", "{B78E4E7D-F8B8-4F10-8313-BF3E5D8D1D66}"
EndProject
Project("{FAE04EC0-301F-11D3-BF4B-00C04F79EFBC}") = "botonera", "botonera\botonera.csproj", "{8618F5A5-D443-4EE1-A583-5A0B54A84B76}"
EndProject
Project("{FAE04EC0-301F-11D3-BF4B-00C04F79EFBC}") = "botonera.UWP", "botonera.UWP\botonera.UWP.csproj", "{766A64DF-9ECD-4A14-B889-3DBB0EC521FB}"
EndProject
Global
	GlobalSection(SolutionConfigurationPlatforms) = preSolution
		Ad-Hoc|Any CPU = Ad-Hoc|Any CPU
		Ad-Hoc|ARM = Ad-Hoc|ARM
		Ad-Hoc|ARM64 = Ad-Hoc|ARM64
		Ad-Hoc|iPhone = Ad-Hoc|iPhone
		Ad-Hoc|iPhoneSimulator = Ad-Hoc|iPhoneSimulator
		Ad-Hoc|x64 = Ad-Hoc|x64
		Ad-Hoc|x86 = Ad-Hoc|x86
		AppStore|Any CPU = AppStore|Any CPU
		AppStore|ARM = AppStore|ARM
		AppStore|ARM64 = AppStore|ARM64
		AppStore|iPhone = AppStore|iPhone
		AppStore|iPhoneSimulator = AppStore|iPhoneSimulator
		AppStore|x64 = AppStore|x64
		AppStore|x86 = AppStore|x86
		Debug|Any CPU = Debug|Any CPU
		Debug|ARM = Debug|ARM
		Debug|ARM64 = Debug|ARM64
		Debug|iPhone = Debug|iPhone
		Debug|iPhoneSimulator = Debug|iPhoneSimulator
		Debug|x64 = Debug|x64
		Debug|x86 = Debug|x86
		Release|Any CPU = Release|Any CPU
		Release|ARM = Release|ARM
		Release|ARM64 = Release|ARM64
		Release|iPhone = Release|iPhone
		Release|iPhoneSimulator = Release|iPhoneSimulator
		Release|x64 = Release|x64
		Release|x86 = Release|x86
	EndGlobalSection
	GlobalSection(ProjectConfigurationPlatforms) = postSolution
		{EEAAB3D4-9493-4DD3-93C2-61926FC916D0}.Ad-Hoc|Any CPU.ActiveCfg = Release|Any CPU
		{EEAAB3D4-9493-4DD3-93C2-61926FC916D0}.Ad-Hoc|Any CPU.Build.0 = Release|Any CPU
		{EEAAB3D4-9493-4DD3-93C2-61926FC916D0}.Ad-Hoc|Any CPU.Deploy.0 = Release|Any CPU
		{EEAAB3D4-9493-4DD3-93C2-61926FC916D0}.Ad-Hoc|ARM.ActiveCfg = Debug|Any CPU
		{EEAAB3D4-9493-4DD3-93C2-61926FC916D0}.Ad-Hoc|ARM.Build.0 = Debug|Any CPU
		{EEAAB3D4-9493-4DD3-93C2-61926FC916D0}.Ad-Hoc|ARM.Deploy.0 = Debug|Any CPU
		{EEAAB3D4-9493-4DD3-93C2-61926FC916D0}.Ad-Hoc|ARM64.ActiveCfg = Debug|Any CPU
		{EEAAB3D4-9493-4DD3-93C2-61926FC916D0}.Ad-Hoc|ARM64.Build.0 = Debug|Any CPU
		{EEAAB3D4-9493-4DD3-93C2-61926FC916D0}.Ad-Hoc|ARM64.Deploy.0 = Debug|Any CPU
		{EEAAB3D4-9493-4DD3-93C2-61926FC916D0}.Ad-Hoc|iPhone.ActiveCfg = Debug|Any CPU
		{EEAAB3D4-9493-4DD3-93C2-61926FC916D0}.Ad-Hoc|iPhone.Build.0 = Debug|Any CPU
		{EEAAB3D4-9493-4DD3-93C2-61926FC916D0}.Ad-Hoc|iPhoneSimulator.ActiveCfg = Release|Any CPU
		{EEAAB3D4-9493-4DD3-93C2-61926FC916D0}.Ad-Hoc|iPhoneSimulator.Build.0 = Release|Any CPU
		{EEAAB3D4-9493-4DD3-93C2-61926FC916D0}.Ad-Hoc|iPhoneSimulator.Deploy.0 = Release|Any CPU
		{EEAAB3D4-9493-4DD3-93C2-61926FC916D0}.Ad-Hoc|x64.ActiveCfg = Debug|Any CPU
		{EEAAB3D4-9493-4DD3-93C2-61926FC916D0}.Ad-Hoc|x64.Build.0 = Debug|Any CPU
		{EEAAB3D4-9493-4DD3-93C2-61926FC916D0}.Ad-Hoc|x64.Deploy.0 = Debug|Any CPU
		{EEAAB3D4-9493-4DD3-93C2-61926FC916D0}.Ad-Hoc|x86.ActiveCfg = Debug|Any CPU
		{EEAAB3D4-9493-4DD3-93C2-61926FC916D0}.Ad-Hoc|x86.Build.0 = Debug|Any CPU
		{EEAAB3D4-9493-4DD3-93C2-61926FC916D0}.Ad-Hoc|x86.Deploy.0 = Debug|Any CPU
		{EEAAB3D4-9493-4DD3-93C2-61926FC916D0}.AppStore|Any CPU.ActiveCfg = Release|Any CPU
		{EEAAB3D4-9493-4DD3-93C2-61926FC916D0}.AppStore|Any CPU.Build.0 = Release|Any CPU
		{EEAAB3D4-9493-4DD3-93C2-61926FC916D0}.AppStore|Any CPU.Deploy.0 = Release|Any CPU
		{EEAAB3D4-9493-4DD3-93C2-61926FC916D0}.AppStore|ARM.ActiveCfg = Debug|Any CPU
		{EEAAB3D4-9493-4DD3-93C2-61926FC916D0}.AppStore|ARM.Build.0 = Debug|Any CPU
		{EEAAB3D4-9493-4DD3-93C2-61926FC916D0}.AppStore|ARM.Deploy.0 = Debug|Any CPU
		{EEAAB3D4-9493-4DD3-93C2-61926FC916D0}.AppStore|ARM64.ActiveCfg = Debug|Any CPU
		{EEAAB3D4-9493-4DD3-93C2-61926FC916D0}.AppStore|ARM64.Build.0 = Debug|Any CPU
		{EEAAB3D4-9493-4DD3-93C2-61926FC916D0}.AppStore|ARM64.Deploy.0 = Debug|Any CPU
		{EEAAB3D4-9493-4DD3-93C2-61926FC916D0}.AppStore|iPhone.ActiveCfg = Debug|Any CPU
		{EEAAB3D4-9493-4DD3-93C2-61926FC916D0}.AppStore|iPhone.Build.0 = Debug|Any CPU
		{EEAAB3D4-9493-4DD3-93C2-61926FC916D0}.AppStore|iPhoneSimulator.ActiveCfg = Release|Any CPU
		{EEAAB3D4-9493-4DD3-93C2-61926FC916D0}.AppStore|iPhoneSimulator.Build.0 = Release|Any CPU
		{EEAAB3D4-9493-4DD3-93C2-61926FC916D0}.AppStore|iPhoneSimulator.Deploy.0 = Release|Any CPU
		{EEAAB3D4-9493-4DD3-93C2-61926FC916D0}.AppStore|x64.ActiveCfg = Debug|Any CPU
		{EEAAB3D4-9493-4DD3-93C2-61926FC916D0}.AppStore|x64.Build.0 = Debug|Any CPU
		{EEAAB3D4-9493-4DD3-93C2-61926FC916D0}.AppStore|x64.Deploy.0 = Debug|Any CPU
		{EEAAB3D4-9493-4DD3-93C2-61926FC916D0}.AppStore|x86.ActiveCfg = Debug|Any CPU
		{EEAAB3D4-9493-4DD3-93C2-61926FC916D0}.AppStore|x86.Build.0 = Debug|Any CPU
		{EEAAB3D4-9493-4DD3-93C2-61926FC916D0}.AppStore|x86.Deploy.0 = Debug|Any CPU
		{EEAAB3D4-9493-4DD3-93C2-61926FC916D0}.Debug|Any CPU.ActiveCfg = Debug|Any CPU
		{EEAAB3D4-9493-4DD3-93C2-61926FC916D0}.Debug|Any CPU.Build.0 = Debug|Any CPU
		{EEAAB3D4-9493-4DD3-93C2-61926FC916D0}.Debug|Any CPU.Deploy.0 = Debug|Any CPU
		{EEAAB3D4-9493-4DD3-93C2-61926FC916D0}.Debug|ARM.ActiveCfg = Debug|Any CPU
		{EEAAB3D4-9493-4DD3-93C2-61926FC916D0}.Debug|ARM.Build.0 = Debug|Any CPU
		{EEAAB3D4-9493-4DD3-93C2-61926FC916D0}.Debug|ARM.Deploy.0 = Debug|Any CPU
		{EEAAB3D4-9493-4DD3-93C2-61926FC916D0}.Debug|ARM64.ActiveCfg = Debug|Any CPU
		{EEAAB3D4-9493-4DD3-93C2-61926FC916D0}.Debug|ARM64.Build.0 = Debug|Any CPU
		{EEAAB3D4-9493-4DD3-93C2-61926FC916D0}.Debug|ARM64.Deploy.0 = Debug|Any CPU
		{EEAAB3D4-9493-4DD3-93C2-61926FC916D0}.Debug|iPhone.ActiveCfg = Debug|Any CPU
		{EEAAB3D4-9493-4DD3-93C2-61926FC916D0}.Debug|iPhone.Build.0 = Debug|Any CPU
		{EEAAB3D4-9493-4DD3-93C2-61926FC916D0}.Debug|iPhoneSimulator.ActiveCfg = Debug|Any CPU
		{EEAAB3D4-9493-4DD3-93C2-61926FC916D0}.Debug|iPhoneSimulator.Build.0 = Debug|Any CPU
		{EEAAB3D4-9493-4DD3-93C2-61926FC916D0}.Debug|iPhoneSimulator.Deploy.0 = Debug|Any CPU
		{EEAAB3D4-9493-4DD3-93C2-61926FC916D0}.Debug|x64.ActiveCfg = Debug|Any CPU
		{EEAAB3D4-9493-4DD3-93C2-61926FC916D0}.Debug|x64.Build.0 = Debug|Any CPU
		{EEAAB3D4-9493-4DD3-93C2-61926FC916D0}.Debug|x64.Deploy.0 = Debug|Any CPU
		{EEAAB3D4-9493-4DD3-93C2-61926FC916D0}.Debug|x86.ActiveCfg = Debug|Any CPU
		{EEAAB3D4-9493-4DD3-93C2-61926FC916D0}.Debug|x86.Build.0 = Debug|Any CPU
		{EEAAB3D4-9493-4DD3-93C2-61926FC916D0}.Debug|x86.Deploy.0 = Debug|Any CPU
		{EEAAB3D4-9493-4DD3-93C2-61926FC916D0}.Release|Any CPU.ActiveCfg = Release|Any CPU
		{EEAAB3D4-9493-4DD3-93C2-61926FC916D0}.Release|Any CPU.Build.0 = Release|Any CPU
		{EEAAB3D4-9493-4DD3-93C2-61926FC916D0}.Release|ARM.ActiveCfg = Release|Any CPU
		{EEAAB3D4-9493-4DD3-93C2-61926FC916D0}.Release|ARM.Build.0 = Release|Any CPU
		{EEAAB3D4-9493-4DD3-93C2-61926FC916D0}.Release|ARM.Deploy.0 = Release|Any CPU
		{EEAAB3D4-9493-4DD3-93C2-61926FC916D0}.Release|ARM64.ActiveCfg = Release|Any CPU
		{EEAAB3D4-9493-4DD3-93C2-61926FC916D0}.Release|ARM64.Build.0 = Release|Any CPU
		{EEAAB3D4-9493-4DD3-93C2-61926FC916D0}.Release|ARM64.Deploy.0 = Release|Any CPU
		{EEAAB3D4-9493-4DD3-93C2-61926FC916D0}.Release|iPhone.ActiveCfg = Release|Any CPU
		{EEAAB3D4-9493-4DD3-93C2-61926FC916D0}.Release|iPhone.Build.0 = Release|Any CPU
		{EEAAB3D4-9493-4DD3-93C2-61926FC916D0}.Release|iPhoneSimulator.ActiveCfg = Release|Any CPU
		{EEAAB3D4-9493-4DD3-93C2-61926FC916D0}.Release|iPhoneSimulator.Build.0 = Release|Any CPU
		{EEAAB3D4-9493-4DD3-93C2-61926FC916D0}.Release|x64.ActiveCfg = Release|Any CPU
		{EEAAB3D4-9493-4DD3-93C2-61926FC916D0}.Release|x64.Build.0 = Release|Any CPU
		{EEAAB3D4-9493-4DD3-93C2-61926FC916D0}.Release|x64.Deploy.0 = Release|Any CPU
		{EEAAB3D4-9493-4DD3-93C2-61926FC916D0}.Release|x86.ActiveCfg = Release|Any CPU
		{EEAAB3D4-9493-4DD3-93C2-61926FC916D0}.Release|x86.Build.0 = Release|Any CPU
		{EEAAB3D4-9493-4DD3-93C2-61926FC916D0}.Release|x86.Deploy.0 = Release|Any CPU
		{B78E4E7D-F8B8-4F10-8313-BF3E5D8D1D66}.Ad-Hoc|Any CPU.ActiveCfg = Ad-Hoc|iPhoneSimulator
		{B78E4E7D-F8B8-4F10-8313-BF3E5D8D1D66}.Ad-Hoc|ARM.ActiveCfg = Ad-Hoc|iPhone
		{B78E4E7D-F8B8-4F10-8313-BF3E5D8D1D66}.Ad-Hoc|ARM64.ActiveCfg = Ad-Hoc|iPhone
		{B78E4E7D-F8B8-4F10-8313-BF3E5D8D1D66}.Ad-Hoc|iPhone.ActiveCfg = Ad-Hoc|iPhone
		{B78E4E7D-F8B8-4F10-8313-BF3E5D8D1D66}.Ad-Hoc|iPhone.Build.0 = Ad-Hoc|iPhone
		{B78E4E7D-F8B8-4F10-8313-BF3E5D8D1D66}.Ad-Hoc|iPhoneSimulator.ActiveCfg = Ad-Hoc|iPhoneSimulator
		{B78E4E7D-F8B8-4F10-8313-BF3E5D8D1D66}.Ad-Hoc|iPhoneSimulator.Build.0 = Ad-Hoc|iPhoneSimulator
		{B78E4E7D-F8B8-4F10-8313-BF3E5D8D1D66}.Ad-Hoc|x64.ActiveCfg = Ad-Hoc|iPhone
		{B78E4E7D-F8B8-4F10-8313-BF3E5D8D1D66}.Ad-Hoc|x86.ActiveCfg = Ad-Hoc|iPhone
		{B78E4E7D-F8B8-4F10-8313-BF3E5D8D1D66}.AppStore|Any CPU.ActiveCfg = AppStore|iPhoneSimulator
		{B78E4E7D-F8B8-4F10-8313-BF3E5D8D1D66}.AppStore|ARM.ActiveCfg = AppStore|iPhone
		{B78E4E7D-F8B8-4F10-8313-BF3E5D8D1D66}.AppStore|ARM64.ActiveCfg = AppStore|iPhone
		{B78E4E7D-F8B8-4F10-8313-BF3E5D8D1D66}.AppStore|iPhone.ActiveCfg = AppStore|iPhone
		{B78E4E7D-F8B8-4F10-8313-BF3E5D8D1D66}.AppStore|iPhone.Build.0 = AppStore|iPhone
		{B78E4E7D-F8B8-4F10-8313-BF3E5D8D1D66}.AppStore|iPhoneSimulator.ActiveCfg = AppStore|iPhoneSimulator
		{B78E4E7D-F8B8-4F10-8313-BF3E5D8D1D66}.AppStore|iPhoneSimulator.Build.0 = AppStore|iPhoneSimulator
		{B78E4E7D-F8B8-4F10-8313-BF3E5D8D1D66}.AppStore|x64.ActiveCfg = AppStore|iPhone
		{B78E4E7D-F8B8-4F10-8313-BF3E5D8D1D66}.AppStore|x86.ActiveCfg = AppStore|iPhone
		{B78E4E7D-F8B8-4F10-8313-BF3E5D8D1D66}.Debug|Any CPU.ActiveCfg = Debug|iPhoneSimulator
		{B78E4E7D-F8B8-4F10-8313-BF3E5D8D1D66}.Debug|Any CPU.Build.0 = Debug|iPhoneSimulator
		{B78E4E7D-F8B8-4F10-8313-BF3E5D8D1D66}.Debug|ARM.ActiveCfg = Debug|iPhone
		{B78E4E7D-F8B8-4F10-8313-BF3E5D8D1D66}.Debug|ARM64.ActiveCfg = Debug|iPhone
		{B78E4E7D-F8B8-4F10-8313-BF3E5D8D1D66}.Debug|iPhone.ActiveCfg = Debug|iPhone
		{B78E4E7D-F8B8-4F10-8313-BF3E5D8D1D66}.Debug|iPhone.Build.0 = Debug|iPhone
		{B78E4E7D-F8B8-4F10-8313-BF3E5D8D1D66}.Debug|iPhoneSimulator.ActiveCfg = Debug|iPhoneSimulator
		{B78E4E7D-F8B8-4F10-8313-BF3E5D8D1D66}.Debug|iPhoneSimulator.Build.0 = Debug|iPhoneSimulator
		{B78E4E7D-F8B8-4F10-8313-BF3E5D8D1D66}.Debug|x64.ActiveCfg = Debug|iPhone
		{B78E4E7D-F8B8-4F10-8313-BF3E5D8D1D66}.Debug|x86.ActiveCfg = Debug|iPhone
		{B78E4E7D-F8B8-4F10-8313-BF3E5D8D1D66}.Release|Any CPU.ActiveCfg = Release|iPhoneSimulator
		{B78E4E7D-F8B8-4F10-8313-BF3E5D8D1D66}.Release|Any CPU.Build.0 = Release|iPhoneSimulator
		{B78E4E7D-F8B8-4F10-8313-BF3E5D8D1D66}.Release|ARM.ActiveCfg = Release|iPhone
		{B78E4E7D-F8B8-4F10-8313-BF3E5D8D1D66}.Release|ARM64.ActiveCfg = Release|iPhone
		{B78E4E7D-F8B8-4F10-8313-BF3E5D8D1D66}.Release|iPhone.ActiveCfg = Release|iPhone
		{B78E4E7D-F8B8-4F10-8313-BF3E5D8D1D66}.Release|iPhone.Build.0 = Release|iPhone
		{B78E4E7D-F8B8-4F10-8313-BF3E5D8D1D66}.Release|iPhoneSimulator.ActiveCfg = Release|iPhoneSimulator
		{B78E4E7D-F8B8-4F10-8313-BF3E5D8D1D66}.Release|iPhoneSimulator.Build.0 = Release|iPhoneSimulator
		{B78E4E7D-F8B8-4F10-8313-BF3E5D8D1D66}.Release|x64.ActiveCfg = Release|iPhone
		{B78E4E7D-F8B8-4F10-8313-BF3E5D8D1D66}.Release|x86.ActiveCfg = Release|iPhone
		{8618F5A5-D443-4EE1-A583-5A0B54A84B76}.Ad-Hoc|Any CPU.ActiveCfg = Release|Any CPU
		{8618F5A5-D443-4EE1-A583-5A0B54A84B76}.Ad-Hoc|Any CPU.Build.0 = Release|Any CPU
		{8618F5A5-D443-4EE1-A583-5A0B54A84B76}.Ad-Hoc|ARM.ActiveCfg = Debug|Any CPU
		{8618F5A5-D443-4EE1-A583-5A0B54A84B76}.Ad-Hoc|ARM.Build.0 = Debug|Any CPU
		{8618F5A5-D443-4EE1-A583-5A0B54A84B76}.Ad-Hoc|ARM64.ActiveCfg = Debug|Any CPU
		{8618F5A5-D443-4EE1-A583-5A0B54A84B76}.Ad-Hoc|ARM64.Build.0 = Debug|Any CPU
		{8618F5A5-D443-4EE1-A583-5A0B54A84B76}.Ad-Hoc|iPhone.ActiveCfg = Debug|Any CPU
		{8618F5A5-D443-4EE1-A583-5A0B54A84B76}.Ad-Hoc|iPhone.Build.0 = Debug|Any CPU
		{8618F5A5-D443-4EE1-A583-5A0B54A84B76}.Ad-Hoc|iPhoneSimulator.ActiveCfg = Release|Any CPU
		{8618F5A5-D443-4EE1-A583-5A0B54A84B76}.Ad-Hoc|iPhoneSimulator.Build.0 = Release|Any CPU
		{8618F5A5-D443-4EE1-A583-5A0B54A84B76}.Ad-Hoc|x64.ActiveCfg = Debug|Any CPU
		{8618F5A5-D443-4EE1-A583-5A0B54A84B76}.Ad-Hoc|x64.Build.0 = Debug|Any CPU
		{8618F5A5-D443-4EE1-A583-5A0B54A84B76}.Ad-Hoc|x86.ActiveCfg = Debug|Any CPU
		{8618F5A5-D443-4EE1-A583-5A0B54A84B76}.Ad-Hoc|x86.Build.0 = Debug|Any CPU
		{8618F5A5-D443-4EE1-A583-5A0B54A84B76}.AppStore|Any CPU.ActiveCfg = Release|Any CPU
		{8618F5A5-D443-4EE1-A583-5A0B54A84B76}.AppStore|Any CPU.Build.0 = Release|Any CPU
		{8618F5A5-D443-4EE1-A583-5A0B54A84B76}.AppStore|ARM.ActiveCfg = Debug|Any CPU
		{8618F5A5-D443-4EE1-A583-5A0B54A84B76}.AppStore|ARM.Build.0 = Debug|Any CPU
		{8618F5A5-D443-4EE1-A583-5A0B54A84B76}.AppStore|ARM64.ActiveCfg = Debug|Any CPU
		{8618F5A5-D443-4EE1-A583-5A0B54A84B76}.AppStore|ARM64.Build.0 = Debug|Any CPU
		{8618F5A5-D443-4EE1-A583-5A0B54A84B76}.AppStore|iPhone.ActiveCfg = Debug|Any CPU
		{8618F5A5-D443-4EE1-A583-5A0B54A84B76}.AppStore|iPhone.Build.0 = Debug|Any CPU
		{8618F5A5-D443-4EE1-A583-5A0B54A84B76}.AppStore|iPhoneSimulator.ActiveCfg = Release|Any CPU
		{8618F5A5-D443-4EE1-A583-5A0B54A84B76}.AppStore|iPhoneSimulator.Build.0 = Release|Any CPU
		{8618F5A5-D443-4EE1-A583-5A0B54A84B76}.AppStore|x64.ActiveCfg = Debug|Any CPU
		{8618F5A5-D443-4EE1-A583-5A0B54A84B76}.AppStore|x64.Build.0 = Debug|Any CPU
		{8618F5A5-D443-4EE1-A583-5A0B54A84B76}.AppStore|x86.ActiveCfg = Debug|Any CPU
		{8618F5A5-D443-4EE1-A583-5A0B54A84B76}.AppStore|x86.Build.0 = Debug|Any CPU
		{8618F5A5-D443-4EE1-A583-5A0B54A84B76}.Debug|Any CPU.ActiveCfg = Debug|Any CPU
		{8618F5A5-D443-4EE1-A583-5A0B54A84B76}.Debug|Any CPU.Build.0 = Debug|Any CPU
		{8618F5A5-D443-4EE1-A583-5A0B54A84B76}.Debug|ARM.ActiveCfg = Debug|Any CPU
		{8618F5A5-D443-4EE1-A583-5A0B54A84B76}.Debug|ARM.Build.0 = Debug|Any CPU
		{8618F5A5-D443-4EE1-A583-5A0B54A84B76}.Debug|ARM64.ActiveCfg = Debug|Any CPU
		{8618F5A5-D443-4EE1-A583-5A0B54A84B76}.Debug|ARM64.Build.0 = Debug|Any CPU
		{8618F5A5-D443-4EE1-A583-5A0B54A84B76}.Debug|iPhone.ActiveCfg = Debug|Any CPU
		{8618F5A5-D443-4EE1-A583-5A0B54A84B76}.Debug|iPhone.Build.0 = Debug|Any CPU
		{8618F5A5-D443-4EE1-A583-5A0B54A84B76}.Debug|iPhoneSimulator.ActiveCfg = Debug|Any CPU
		{8618F5A5-D443-4EE1-A583-5A0B54A84B76}.Debug|iPhoneSimulator.Build.0 = Debug|Any CPU
		{8618F5A5-D443-4EE1-A583-5A0B54A84B76}.Debug|x64.ActiveCfg = Debug|Any CPU
		{8618F5A5-D443-4EE1-A583-5A0B54A84B76}.Debug|x64.Build.0 = Debug|Any CPU
		{8618F5A5-D443-4EE1-A583-5A0B54A84B76}.Debug|x86.ActiveCfg = Debug|Any CPU
		{8618F5A5-D443-4EE1-A583-5A0B54A84B76}.Debug|x86.Build.0 = Debug|Any CPU
		{8618F5A5-D443-4EE1-A583-5A0B54A84B76}.Release|Any CPU.ActiveCfg = Release|Any CPU
		{8618F5A5-D443-4EE1-A583-5A0B54A84B76}.Release|Any CPU.Build.0 = Release|Any CPU
		{8618F5A5-D443-4EE1-A583-5A0B54A84B76}.Release|ARM.ActiveCfg = Release|Any CPU
		{8618F5A5-D443-4EE1-A583-5A0B54A84B76}.Release|ARM.Build.0 = Release|Any CPU
		{8618F5A5-D443-4EE1-A583-5A0B54A84B76}.Release|ARM64.ActiveCfg = Release|Any CPU
		{8618F5A5-D443-4EE1-A583-5A0B54A84B76}.Release|ARM64.Build.0 = Release|Any CPU
		{8618F5A5-D443-4EE1-A583-5A0B54A84B76}.Release|iPhone.ActiveCfg = Release|Any CPU
		{8618F5A5-D443-4EE1-A583-5A0B54A84B76}.Release|iPhone.Build.0 = Release|Any CPU
		{8618F5A5-D443-4EE1-A583-5A0B54A84B76}.Release|iPhoneSimulator.ActiveCfg = Release|Any CPU
		{8618F5A5-D443-4EE1-A583-5A0B54A84B76}.Release|iPhoneSimulator.Build.0 = Release|Any CPU
		{8618F5A5-D443-4EE1-A583-5A0B54A84B76}.Release|x64.ActiveCfg = Release|Any CPU
		{8618F5A5-D443-4EE1-A583-5A0B54A84B76}.Release|x64.Build.0 = Release|Any CPU
		{8618F5A5-D443-4EE1-A583-5A0B54A84B76}.Release|x86.ActiveCfg = Release|Any CPU
		{8618F5A5-D443-4EE1-A583-5A0B54A84B76}.Release|x86.Build.0 = Release|Any CPU
		{766A64DF-9ECD-4A14-B889-3DBB0EC521FB}.Ad-Hoc|Any CPU.ActiveCfg = Release|x64
		{766A64DF-9ECD-4A14-B889-3DBB0EC521FB}.Ad-Hoc|Any CPU.Build.0 = Release|x64
		{766A64DF-9ECD-4A14-B889-3DBB0EC521FB}.Ad-Hoc|Any CPU.Deploy.0 = Release|x64
		{766A64DF-9ECD-4A14-B889-3DBB0EC521FB}.Ad-Hoc|ARM.ActiveCfg = Release|ARM
		{766A64DF-9ECD-4A14-B889-3DBB0EC521FB}.Ad-Hoc|ARM.Build.0 = Release|ARM
		{766A64DF-9ECD-4A14-B889-3DBB0EC521FB}.Ad-Hoc|ARM.Deploy.0 = Release|ARM
		{766A64DF-9ECD-4A14-B889-3DBB0EC521FB}.Ad-Hoc|ARM64.ActiveCfg = Release|ARM64
		{766A64DF-9ECD-4A14-B889-3DBB0EC521FB}.Ad-Hoc|ARM64.Build.0 = Release|ARM64
		{766A64DF-9ECD-4A14-B889-3DBB0EC521FB}.Ad-Hoc|ARM64.Deploy.0 = Release|ARM64
		{766A64DF-9ECD-4A14-B889-3DBB0EC521FB}.Ad-Hoc|iPhone.ActiveCfg = Release|x64
		{766A64DF-9ECD-4A14-B889-3DBB0EC521FB}.Ad-Hoc|iPhone.Build.0 = Release|x64
		{766A64DF-9ECD-4A14-B889-3DBB0EC521FB}.Ad-Hoc|iPhone.Deploy.0 = Release|x64
		{766A64DF-9ECD-4A14-B889-3DBB0EC521FB}.Ad-Hoc|iPhoneSimulator.ActiveCfg = Release|x64
		{766A64DF-9ECD-4A14-B889-3DBB0EC521FB}.Ad-Hoc|iPhoneSimulator.Build.0 = Release|x64
		{766A64DF-9ECD-4A14-B889-3DBB0EC521FB}.Ad-Hoc|iPhoneSimulator.Deploy.0 = Release|x64
		{766A64DF-9ECD-4A14-B889-3DBB0EC521FB}.Ad-Hoc|x64.ActiveCfg = Release|x64
		{766A64DF-9ECD-4A14-B889-3DBB0EC521FB}.Ad-Hoc|x64.Build.0 = Release|x64
		{766A64DF-9ECD-4A14-B889-3DBB0EC521FB}.Ad-Hoc|x64.Deploy.0 = Release|x64
		{766A64DF-9ECD-4A14-B889-3DBB0EC521FB}.Ad-Hoc|x86.ActiveCfg = Release|x86
		{766A64DF-9ECD-4A14-B889-3DBB0EC521FB}.Ad-Hoc|x86.Build.0 = Release|x86
		{766A64DF-9ECD-4A14-B889-3DBB0EC521FB}.Ad-Hoc|x86.Deploy.0 = Release|x86
		{766A64DF-9ECD-4A14-B889-3DBB0EC521FB}.AppStore|Any CPU.ActiveCfg = Release|x64
		{766A64DF-9ECD-4A14-B889-3DBB0EC521FB}.AppStore|Any CPU.Build.0 = Release|x64
		{766A64DF-9ECD-4A14-B889-3DBB0EC521FB}.AppStore|Any CPU.Deploy.0 = Release|x64
		{766A64DF-9ECD-4A14-B889-3DBB0EC521FB}.AppStore|ARM.ActiveCfg = Release|ARM
		{766A64DF-9ECD-4A14-B889-3DBB0EC521FB}.AppStore|ARM.Build.0 = Release|ARM
		{766A64DF-9ECD-4A14-B889-3DBB0EC521FB}.AppStore|ARM.Deploy.0 = Release|ARM
		{766A64DF-9ECD-4A14-B889-3DBB0EC521FB}.AppStore|ARM64.ActiveCfg = Release|ARM64
		{766A64DF-9ECD-4A14-B889-3DBB0EC521FB}.AppStore|ARM64.Build.0 = Release|ARM64
		{766A64DF-9ECD-4A14-B889-3DBB0EC521FB}.AppStore|ARM64.Deploy.0 = Release|ARM64
		{766A64DF-9ECD-4A14-B889-3DBB0EC521FB}.AppStore|iPhone.ActiveCfg = Release|x64
		{766A64DF-9ECD-4A14-B889-3DBB0EC521FB}.AppStore|iPhone.Build.0 = Release|x64
		{766A64DF-9ECD-4A14-B889-3DBB0EC521FB}.AppStore|iPhone.Deploy.0 = Release|x64
		{766A64DF-9ECD-4A14-B889-3DBB0EC521FB}.AppStore|iPhoneSimulator.ActiveCfg = Release|x64
		{766A64DF-9ECD-4A14-B889-3DBB0EC521FB}.AppStore|iPhoneSimulator.Build.0 = Release|x64
		{766A64DF-9ECD-4A14-B889-3DBB0EC521FB}.AppStore|iPhoneSimulator.Deploy.0 = Release|x64
		{766A64DF-9ECD-4A14-B889-3DBB0EC521FB}.AppStore|x64.ActiveCfg = Release|x64
		{766A64DF-9ECD-4A14-B889-3DBB0EC521FB}.AppStore|x64.Build.0 = Release|x64
		{766A64DF-9ECD-4A14-B889-3DBB0EC521FB}.AppStore|x64.Deploy.0 = Release|x64
		{766A64DF-9ECD-4A14-B889-3DBB0EC521FB}.AppStore|x86.ActiveCfg = Release|x86
		{766A64DF-9ECD-4A14-B889-3DBB0EC521FB}.AppStore|x86.Build.0 = Release|x86
		{766A64DF-9ECD-4A14-B889-3DBB0EC521FB}.AppStore|x86.Deploy.0 = Release|x86
		{766A64DF-9ECD-4A14-B889-3DBB0EC521FB}.Debug|Any CPU.ActiveCfg = Debug|x86
		{766A64DF-9ECD-4A14-B889-3DBB0EC521FB}.Debug|Any CPU.Build.0 = Debug|x86
		{766A64DF-9ECD-4A14-B889-3DBB0EC521FB}.Debug|ARM.ActiveCfg = Debug|ARM
		{766A64DF-9ECD-4A14-B889-3DBB0EC521FB}.Debug|ARM.Build.0 = Debug|ARM
		{766A64DF-9ECD-4A14-B889-3DBB0EC521FB}.Debug|ARM.Deploy.0 = Debug|ARM
		{766A64DF-9ECD-4A14-B889-3DBB0EC521FB}.Debug|ARM64.ActiveCfg = Debug|ARM64
		{766A64DF-9ECD-4A14-B889-3DBB0EC521FB}.Debug|ARM64.Build.0 = Debug|ARM64
		{766A64DF-9ECD-4A14-B889-3DBB0EC521FB}.Debug|ARM64.Deploy.0 = Debug|ARM64
		{766A64DF-9ECD-4A14-B889-3DBB0EC521FB}.Debug|iPhone.ActiveCfg = Debug|x86
		{766A64DF-9ECD-4A14-B889-3DBB0EC521FB}.Debug|iPhoneSimulator.ActiveCfg = Debug|x86
		{766A64DF-9ECD-4A14-B889-3DBB0EC521FB}.Debug|x64.ActiveCfg = Debug|x64
		{766A64DF-9ECD-4A14-B889-3DBB0EC521FB}.Debug|x64.Build.0 = Debug|x64
		{766A64DF-9ECD-4A14-B889-3DBB0EC521FB}.Debug|x64.Deploy.0 = Debug|x64
		{766A64DF-9ECD-4A14-B889-3DBB0EC521FB}.Debug|x86.ActiveCfg = Debug|x86
		{766A64DF-9ECD-4A14-B889-3DBB0EC521FB}.Debug|x86.Build.0 = Debug|x86
		{766A64DF-9ECD-4A14-B889-3DBB0EC521FB}.Debug|x86.Deploy.0 = Debug|x86
		{766A64DF-9ECD-4A14-B889-3DBB0EC521FB}.Release|Any CPU.ActiveCfg = Release|x86
		{766A64DF-9ECD-4A14-B889-3DBB0EC521FB}.Release|ARM.ActiveCfg = Release|ARM
		{766A64DF-9ECD-4A14-B889-3DBB0EC521FB}.Release|ARM.Build.0 = Release|ARM
		{766A64DF-9ECD-4A14-B889-3DBB0EC521FB}.Release|ARM.Deploy.0 = Release|ARM
		{766A64DF-9ECD-4A14-B889-3DBB0EC521FB}.Release|ARM64.ActiveCfg = Release|ARM64
		{766A64DF-9ECD-4A14-B889-3DBB0EC521FB}.Release|ARM64.Build.0 = Release|ARM64
		{766A64DF-9ECD-4A14-B889-3DBB0EC521FB}.Release|ARM64.Deploy.0 = Release|ARM64
		{766A64DF-9ECD-4A14-B889-3DBB0EC521FB}.Release|iPhone.ActiveCfg = Release|x86
		{766A64DF-9ECD-4A14-B889-3DBB0EC521FB}.Release|iPhoneSimulator.ActiveCfg = Release|x86
		{766A64DF-9ECD-4A14-B889-3DBB0EC521FB}.Release|x64.ActiveCfg = Release|x64
		{766A64DF-9ECD-4A14-B889-3DBB0EC521FB}.Release|x64.Build.0 = Release|x64
		{766A64DF-9ECD-4A14-B889-3DBB0EC521FB}.Release|x64.Deploy.0 = Release|x64
		{766A64DF-9ECD-4A14-B889-3DBB0EC521FB}.Release|x86.ActiveCfg = Release|x86
		{766A64DF-9ECD-4A14-B889-3DBB0EC521FB}.Release|x86.Build.0 = Release|x86
		{766A64DF-9ECD-4A14-B889-3DBB0EC521FB}.Release|x86.Deploy.0 = Release|x86
	EndGlobalSection
	GlobalSection(SolutionProperties) = preSolution
		HideSolutionNode = FALSE
	EndGlobalSection
	GlobalSection(ExtensibilityGlobals) = postSolution
		SolutionGuid = {3C0E628C-E7E9-4B79-A367-3BB8143137D2}
	EndGlobalSection
EndGlobal
